
Microsoft Visual Studio Solution File, Format Version 12.00
# Visual Studio Version 16
VisualStudioVersion = 16.0.31205.134
MinimumVisualStudioVersion = 10.0.40219.1
Project("{FAE04EC0-301F-11D3-BF4B-00C04F79EFBC}") = "Cambios", "Cambios\Cambios.csproj", "{57D4A329-6C2C-44F1-A2F3-67A46C222F90}"
EndProject
Global
	GlobalSection(SolutionConfigurationPlatforms) = preSolution
		Debug|Any CPU = Debug|Any CPU
		Release|Any CPU = Release|Any CPU
	EndGlobalSection
	GlobalSection(ProjectConfigurationPlatforms) = postSolution
		{57D4A329-6C2C-44F1-A2F3-67A46C222F90}.Debug|Any CPU.ActiveCfg = Debug|Any CPU
		{57D4A329-6C2C-44F1-A2F3-67A46C222F90}.Debug|Any CPU.Build.0 = Debug|Any CPU
		{57D4A329-6C2C-44F1-A2F3-67A46C222F90}.Release|Any CPU.ActiveCfg = Release|Any CPU
		{57D4A329-6C2C-44F1-A2F3-67A46C222F90}.Release|Any CPU.Build.0 = Release|Any CPU
	EndGlobalSection
	GlobalSection(SolutionProperties) = preSolution
		HideSolutionNode = FALSE
	EndGlobalSection
	GlobalSection(ExtensibilityGlobals) = postSolution
		SolutionGuid = {3DC163B5-3B68-4072-85B9-0BA2C7EF3AE7}
	EndGlobalSection
EndGlobal
